
Microsoft Visual Studio Solution File, Format Version 12.00
# Visual Studio Version 16
VisualStudioVersion = 16.0.36128.20
MinimumVisualStudioVersion = 10.0.40219.1
Project("{FAE04EC0-301F-11D3-BF4B-00C04F79EFBC}") = "Railway_Reservation_System", "Railway_Reservation_System\Railway_Reservation_System.csproj", "{B4265A07-F3ED-4AC9-A6A4-887067F7989B}"
EndProject
Global
	GlobalSection(SolutionConfigurationPlatforms) = preSolution
		Debug|Any CPU = Debug|Any CPU
		Release|Any CPU = Release|Any CPU
	EndGlobalSection
	GlobalSection(ProjectConfigurationPlatforms) = postSolution
		{B4265A07-F3ED-4AC9-A6A4-887067F7989B}.Debug|Any CPU.ActiveCfg = Debug|Any CPU
		{B4265A07-F3ED-4AC9-A6A4-887067F7989B}.Debug|Any CPU.Build.0 = Debug|Any CPU
		{B4265A07-F3ED-4AC9-A6A4-887067F7989B}.Release|Any CPU.ActiveCfg = Release|Any CPU
		{B4265A07-F3ED-4AC9-A6A4-887067F7989B}.Release|Any CPU.Build.0 = Release|Any CPU
	EndGlobalSection
	GlobalSection(SolutionProperties) = preSolution
		HideSolutionNode = FALSE
	EndGlobalSection
	GlobalSection(ExtensibilityGlobals) = postSolution
		SolutionGuid = {06610F8C-0933-40AA-BF9A-BF6510D578CA}
	EndGlobalSection
EndGlobal
