
Microsoft Visual Studio Solution File, Format Version 12.00
# Visual Studio Version 16
VisualStudioVersion = 16.0.36128.20
MinimumVisualStudioVersion = 10.0.40219.1
Project("{FAE04EC0-301F-11D3-BF4B-00C04F79EFBC}") = "ContactApp", "ContactApp\ContactApp.csproj", "{8A1C6E46-C9BA-4205-8B9C-A16D15DE53CF}"
EndProject
Global
	GlobalSection(SolutionConfigurationPlatforms) = preSolution
		Debug|Any CPU = Debug|Any CPU
		Release|Any CPU = Release|Any CPU
	EndGlobalSection
	GlobalSection(ProjectConfigurationPlatforms) = postSolution
		{8A1C6E46-C9BA-4205-8B9C-A16D15DE53CF}.Debug|Any CPU.ActiveCfg = Debug|Any CPU
		{8A1C6E46-C9BA-4205-8B9C-A16D15DE53CF}.Debug|Any CPU.Build.0 = Debug|Any CPU
		{8A1C6E46-C9BA-4205-8B9C-A16D15DE53CF}.Release|Any CPU.ActiveCfg = Release|Any CPU
		{8A1C6E46-C9BA-4205-8B9C-A16D15DE53CF}.Release|Any CPU.Build.0 = Release|Any CPU
	EndGlobalSection
	GlobalSection(SolutionProperties) = preSolution
		HideSolutionNode = FALSE
	EndGlobalSection
	GlobalSection(ExtensibilityGlobals) = postSolution
		SolutionGuid = {019F891B-CB7A-419F-AA9F-B01C32284E73}
	EndGlobalSection
EndGlobal
