
Microsoft Visual Studio Solution File, Format Version 12.00
# Visual Studio Version 16
VisualStudioVersion = 16.0.36128.20
MinimumVisualStudioVersion = 10.0.40219.1
Project("{FAE04EC0-301F-11D3-BF4B-00C04F79EFBC}") = "Code_Challenge_1", "Code_Challenge_1\Code_Challenge_1.csproj", "{542E6C91-974C-4EE3-BC42-8FC8EF2807A6}"
EndProject
Global
	GlobalSection(SolutionConfigurationPlatforms) = preSolution
		Debug|Any CPU = Debug|Any CPU
		Release|Any CPU = Release|Any CPU
	EndGlobalSection
	GlobalSection(ProjectConfigurationPlatforms) = postSolution
		{542E6C91-974C-4EE3-BC42-8FC8EF2807A6}.Debug|Any CPU.ActiveCfg = Debug|Any CPU
		{542E6C91-974C-4EE3-BC42-8FC8EF2807A6}.Debug|Any CPU.Build.0 = Debug|Any CPU
		{542E6C91-974C-4EE3-BC42-8FC8EF2807A6}.Release|Any CPU.ActiveCfg = Release|Any CPU
		{542E6C91-974C-4EE3-BC42-8FC8EF2807A6}.Release|Any CPU.Build.0 = Release|Any CPU
	EndGlobalSection
	GlobalSection(SolutionProperties) = preSolution
		HideSolutionNode = FALSE
	EndGlobalSection
	GlobalSection(ExtensibilityGlobals) = postSolution
		SolutionGuid = {59A033CA-EC3F-496F-A884-0142648C3BF3}
	EndGlobalSection
EndGlobal
