
Microsoft Visual Studio Solution File, Format Version 12.00
# Visual Studio Version 16
VisualStudioVersion = 16.0.36128.20
MinimumVisualStudioVersion = 10.0.40219.1
Project("{FAE04EC0-301F-11D3-BF4B-00C04F79EFBC}") = "Code4", "Code4\Code4.csproj", "{32ACE4FA-0E91-4E46-AD45-E9DA144F7A76}"
EndProject
Global
	GlobalSection(SolutionConfigurationPlatforms) = preSolution
		Debug|Any CPU = Debug|Any CPU
		Release|Any CPU = Release|Any CPU
	EndGlobalSection
	GlobalSection(ProjectConfigurationPlatforms) = postSolution
		{32ACE4FA-0E91-4E46-AD45-E9DA144F7A76}.Debug|Any CPU.ActiveCfg = Debug|Any CPU
		{32ACE4FA-0E91-4E46-AD45-E9DA144F7A76}.Debug|Any CPU.Build.0 = Debug|Any CPU
		{32ACE4FA-0E91-4E46-AD45-E9DA144F7A76}.Release|Any CPU.ActiveCfg = Release|Any CPU
		{32ACE4FA-0E91-4E46-AD45-E9DA144F7A76}.Release|Any CPU.Build.0 = Release|Any CPU
	EndGlobalSection
	GlobalSection(SolutionProperties) = preSolution
		HideSolutionNode = FALSE
	EndGlobalSection
	GlobalSection(ExtensibilityGlobals) = postSolution
		SolutionGuid = {B5FE7E9E-625F-4ADE-8BDD-2787424A110B}
	EndGlobalSection
EndGlobal
