
Microsoft Visual Studio Solution File, Format Version 12.00
# Visual Studio Version 16
VisualStudioVersion = 16.0.36128.20
MinimumVisualStudioVersion = 10.0.40219.1
Project("{FAE04EC0-301F-11D3-BF4B-00C04F79EFBC}") = "Csharp_Code3_24-06-25", "Csharp_Code3_24-06-25\Csharp_Code3_24-06-25.csproj", "{CEA55537-C5B8-4FD2-AE79-6AD63F695434}"
EndProject
Global
	GlobalSection(SolutionConfigurationPlatforms) = preSolution
		Debug|Any CPU = Debug|Any CPU
		Release|Any CPU = Release|Any CPU
	EndGlobalSection
	GlobalSection(ProjectConfigurationPlatforms) = postSolution
		{CEA55537-C5B8-4FD2-AE79-6AD63F695434}.Debug|Any CPU.ActiveCfg = Debug|Any CPU
		{CEA55537-C5B8-4FD2-AE79-6AD63F695434}.Debug|Any CPU.Build.0 = Debug|Any CPU
		{CEA55537-C5B8-4FD2-AE79-6AD63F695434}.Release|Any CPU.ActiveCfg = Release|Any CPU
		{CEA55537-C5B8-4FD2-AE79-6AD63F695434}.Release|Any CPU.Build.0 = Release|Any CPU
	EndGlobalSection
	GlobalSection(SolutionProperties) = preSolution
		HideSolutionNode = FALSE
	EndGlobalSection
	GlobalSection(ExtensibilityGlobals) = postSolution
		SolutionGuid = {9C0CF183-6231-4210-8531-F2AE10A8EB66}
	EndGlobalSection
EndGlobal
