
Microsoft Visual Studio Solution File, Format Version 12.00
# Visual Studio Version 16
VisualStudioVersion = 16.0.36128.20
MinimumVisualStudioVersion = 10.0.40219.1
Project("{FAE04EC0-301F-11D3-BF4B-00C04F79EFBC}") = "CSharp_Code4_30-06-25", "CSharp_Code4_30-06-25\CSharp_Code4_30-06-25.csproj", "{6DC31207-8C33-405E-8A63-E78ADFA62364}"
EndProject
Global
	GlobalSection(SolutionConfigurationPlatforms) = preSolution
		Debug|Any CPU = Debug|Any CPU
		Release|Any CPU = Release|Any CPU
	EndGlobalSection
	GlobalSection(ProjectConfigurationPlatforms) = postSolution
		{6DC31207-8C33-405E-8A63-E78ADFA62364}.Debug|Any CPU.ActiveCfg = Debug|Any CPU
		{6DC31207-8C33-405E-8A63-E78ADFA62364}.Debug|Any CPU.Build.0 = Debug|Any CPU
		{6DC31207-8C33-405E-8A63-E78ADFA62364}.Release|Any CPU.ActiveCfg = Release|Any CPU
		{6DC31207-8C33-405E-8A63-E78ADFA62364}.Release|Any CPU.Build.0 = Release|Any CPU
	EndGlobalSection
	GlobalSection(SolutionProperties) = preSolution
		HideSolutionNode = FALSE
	EndGlobalSection
	GlobalSection(ExtensibilityGlobals) = postSolution
		SolutionGuid = {541A7D5E-E9B0-480C-BE44-65B7E757F296}
	EndGlobalSection
EndGlobal
