
Microsoft Visual Studio Solution File, Format Version 12.00
# Visual Studio Version 16
VisualStudioVersion = 16.0.36128.20
MinimumVisualStudioVersion = 10.0.40219.1
Project("{FAE04EC0-301F-11D3-BF4B-00C04F79EFBC}") = "CC1_25-06-25", "CC1_25-06-25\CC1_25-06-25.csproj", "{711392B8-2EC0-4C19-BE9C-F16576B5CE72}"
EndProject
Global
	GlobalSection(SolutionConfigurationPlatforms) = preSolution
		Debug|Any CPU = Debug|Any CPU
		Release|Any CPU = Release|Any CPU
	EndGlobalSection
	GlobalSection(ProjectConfigurationPlatforms) = postSolution
		{711392B8-2EC0-4C19-BE9C-F16576B5CE72}.Debug|Any CPU.ActiveCfg = Debug|Any CPU
		{711392B8-2EC0-4C19-BE9C-F16576B5CE72}.Debug|Any CPU.Build.0 = Debug|Any CPU
		{711392B8-2EC0-4C19-BE9C-F16576B5CE72}.Release|Any CPU.ActiveCfg = Release|Any CPU
		{711392B8-2EC0-4C19-BE9C-F16576B5CE72}.Release|Any CPU.Build.0 = Release|Any CPU
	EndGlobalSection
	GlobalSection(SolutionProperties) = preSolution
		HideSolutionNode = FALSE
	EndGlobalSection
	GlobalSection(ExtensibilityGlobals) = postSolution
		SolutionGuid = {21225EDC-81A8-44BB-A007-DE4C6C8F2010}
	EndGlobalSection
EndGlobal
